
Microsoft Visual Studio Solution File, Format Version 12.00
# Visual Studio Version 16
VisualStudioVersion = 16.0.30711.63
MinimumVisualStudioVersion = 10.0.40219.1
Project("{FAE04EC0-301F-11D3-BF4B-00C04F79EFBC}") = "Aruba1930Cli", "Aruba1930Cli\Aruba1930Cli.csproj", "{AD080196-689C-4CDE-917D-D1642DDD22B5}"
EndProject
Global
	GlobalSection(SolutionConfigurationPlatforms) = preSolution
		Debug|Any CPU = Debug|Any CPU
		Release|Any CPU = Release|Any CPU
	EndGlobalSection
	GlobalSection(ProjectConfigurationPlatforms) = postSolution
		{AD080196-689C-4CDE-917D-D1642DDD22B5}.Debug|Any CPU.ActiveCfg = Debug|Any CPU
		{AD080196-689C-4CDE-917D-D1642DDD22B5}.Debug|Any CPU.Build.0 = Debug|Any CPU
		{AD080196-689C-4CDE-917D-D1642DDD22B5}.Release|Any CPU.ActiveCfg = Release|Any CPU
		{AD080196-689C-4CDE-917D-D1642DDD22B5}.Release|Any CPU.Build.0 = Release|Any CPU
	EndGlobalSection
	GlobalSection(SolutionProperties) = preSolution
		HideSolutionNode = FALSE
	EndGlobalSection
	GlobalSection(ExtensibilityGlobals) = postSolution
		SolutionGuid = {EA96D516-C90D-491F-96C5-4299EEACE883}
	EndGlobalSection
EndGlobal
